Microsoft Visual Studio Solution File, Format Version 12.00
# Visual Studio 2012
Project("{FAE04EC0-301F-11D3-BF4B-00C04F79EFBC}") = "Sakokumon", "Sakokumon.csproj", "{C763E9EF-55FB-4A23-A953-F973B120DDEE}"
EndProject
Global
	GlobalSection(SolutionConfigurationPlatforms) = preSolution
	Debug|Any CPU = Debug|Any CPU
	ExportDebug|Any CPU = ExportDebug|Any CPU
	ExportRelease|Any CPU = ExportRelease|Any CPU
	EndGlobalSection
	GlobalSection(ProjectConfigurationPlatforms) = postSolution
		{C763E9EF-55FB-4A23-A953-F973B120DDEE}.Debug|Any CPU.ActiveCfg = Debug|Any CPU
		{C763E9EF-55FB-4A23-A953-F973B120DDEE}.Debug|Any CPU.Build.0 = Debug|Any CPU
		{C763E9EF-55FB-4A23-A953-F973B120DDEE}.ExportDebug|Any CPU.ActiveCfg = ExportDebug|Any CPU
		{C763E9EF-55FB-4A23-A953-F973B120DDEE}.ExportDebug|Any CPU.Build.0 = ExportDebug|Any CPU
		{C763E9EF-55FB-4A23-A953-F973B120DDEE}.ExportRelease|Any CPU.ActiveCfg = ExportRelease|Any CPU
		{C763E9EF-55FB-4A23-A953-F973B120DDEE}.ExportRelease|Any CPU.Build.0 = ExportRelease|Any CPU
	EndGlobalSection
EndGlobal
